
Microsoft Visual Studio Solution File, Format Version 12.00
# Visual Studio Version 17
VisualStudioVersion = 17.4.33103.184
MinimumVisualStudioVersion = 10.0.40219.1
Project("{FAE04EC0-301F-11D3-BF4B-00C04F79EFBC}") = "SpeedrunsAngular", "SpeedrunsAngular.csproj", "{B89FBDC0-111F-4E0C-B4CD-3A9B69A8E037}"
EndProject
Global
	GlobalSection(SolutionConfigurationPlatforms) = preSolution
		Debug|Any CPU = Debug|Any CPU
		Release|Any CPU = Release|Any CPU
	EndGlobalSection
	GlobalSection(ProjectConfigurationPlatforms) = postSolution
		{B89FBDC0-111F-4E0C-B4CD-3A9B69A8E037}.Debug|Any CPU.ActiveCfg = Debug|Any CPU
		{B89FBDC0-111F-4E0C-B4CD-3A9B69A8E037}.Debug|Any CPU.Build.0 = Debug|Any CPU
		{B89FBDC0-111F-4E0C-B4CD-3A9B69A8E037}.Release|Any CPU.ActiveCfg = Release|Any CPU
		{B89FBDC0-111F-4E0C-B4CD-3A9B69A8E037}.Release|Any CPU.Build.0 = Release|Any CPU
	EndGlobalSection
	GlobalSection(SolutionProperties) = preSolution
		HideSolutionNode = FALSE
	EndGlobalSection
	GlobalSection(ExtensibilityGlobals) = postSolution
		SolutionGuid = {B171A925-4293-44DA-889E-75E2CB11E402}
	EndGlobalSection
EndGlobal
